// !$*UTF8*$!
{
	archiveVersion = 1;
	classes = {
	};
	objectVersion = 48;
	objects = {

/* Begin PBXBuildFile section */
		D349F0E3201103E6005DAA4E /* bhmie.cpp in Sources */ = {isa = PBXBuildFile; fileRef = D349F0E2201103E6005DAA4E /* bhmie.cpp */; };
		D39E4BC51FE97ACA00DF3926 /* LidarMC++.cpp in Sources */ = {isa = PBXBuildFile; fileRef = D39E4BC41FE97ACA00DF3926 /* LidarMC++.cpp */; };
		D39E4BCC1FE9807E00DF3926 /* libarmadillo.8.30.2.dylib in Frameworks */ = {isa = PBXBuildFile; fileRef = D39E4BCB1FE9807E00DF3926 /* libarmadillo.8.30.2.dylib */; };
/* End PBXBuildFile section */

/* Begin PBXCopyFilesBuildPhase section */
		D39E4BB61FE97A2200DF3926 /* CopyFiles */ = {
			isa = PBXCopyFilesBuildPhase;
			buildActionMask = 2147483647;
			dstPath = /usr/share/man/man1/;
			dstSubfolderSpec = 0;
			files = (
			);
			runOnlyForDeploymentPostprocessing = 1;
		};
/* End PBXCopyFilesBuildPhase section */

/* Begin PBXFileReference section */
		D341AF6A201231D2006C1605 /* LidarMCplusplus */ = {isa = PBXFileReference; explicitFileType = "compiled.mach-o.executable"; includeInIndex = 0; name = LidarMCplusplus; path = "/Users/Brian/Documents/C++/LidarMCplusplus/LidarMCplusplus/build/Debug/LidarMCplusplus"; sourceTree = "<absolute>"; };
		D349F0E2201103E6005DAA4E /* bhmie.cpp */ = {isa = PBXFileReference; fileEncoding = 4; lastKnownFileType = sourcecode.cpp.cpp; path = bhmie.cpp; sourceTree = "<group>"; };
		D39E4BC31FE97AC300DF3926 /* LICENSE */ = {isa = PBXFileReference; lastKnownFileType = text; name = LICENSE; path = ../LICENSE; sourceTree = "<group>"; };
		D39E4BC41FE97ACA00DF3926 /* LidarMC++.cpp */ = {isa = PBXFileReference; fileEncoding = 4; lastKnownFileType = sourcecode.cpp.cpp; name = "LidarMC++.cpp"; path = "../LidarMC++.cpp"; sourceTree = "<group>"; };
		D39E4BC61FE97AD500DF3926 /* spline.h */ = {isa = PBXFileReference; lastKnownFileType = sourcecode.c.h; name = spline.h; path = ../spline.h; sourceTree = "<group>"; };
		D39E4BC71FE97ADB00DF3926 /* README.md */ = {isa = PBXFileReference; lastKnownFileType = net.daringfireball.markdown; name = README.md; path = ../README.md; sourceTree = "<group>"; };
		D39E4BCB1FE9807E00DF3926 /* libarmadillo.8.30.2.dylib */ = {isa = PBXFileReference; lastKnownFileType = "compiled.mach-o.dylib"; name = libarmadillo.8.30.2.dylib; path = ../../../../../../usr/local/Cellar/armadillo/8.300.2/lib/libarmadillo.8.30.2.dylib; sourceTree = "<group>"; };
/* End PBXFileReference section */

/* Begin PBXFrameworksBuildPhase section */
		D39E4BB51FE97A2200DF3926 /* Frameworks */ = {
			isa = PBXFrameworksBuildPhase;
			buildActionMask = 2147483647;
			files = (
				D39E4BCC1FE9807E00DF3926 /* libarmadillo.8.30.2.dylib in Frameworks */,
			);
			runOnlyForDeploymentPostprocessing = 0;
		};
/* End PBXFrameworksBuildPhase section */

/* Begin PBXGroup section */
		D39E4BAF1FE97A2200DF3926 = {
			isa = PBXGroup;
			children = (
				D39E4BC31FE97AC300DF3926 /* LICENSE */,
				D39E4BC41FE97ACA00DF3926 /* LidarMC++.cpp */,
				D39E4BC61FE97AD500DF3926 /* spline.h */,
				D39E4BC71FE97ADB00DF3926 /* README.md */,
				D39E4BCA1FE9807D00DF3926 /* Frameworks */,
				D349F0E2201103E6005DAA4E /* bhmie.cpp */,
			);
			sourceTree = "<group>";
		};
		D39E4BCA1FE9807D00DF3926 /* Frameworks */ = {
			isa = PBXGroup;
			children = (
				D39E4BCB1FE9807E00DF3926 /* libarmadillo.8.30.2.dylib */,
			);
			name = Frameworks;
			sourceTree = "<group>";
		};
/* End PBXGroup section */

/* Begin PBXNativeTarget section */
		D39E4BB71FE97A2200DF3926 /* LidarMCplusplus */ = {
			isa = PBXNativeTarget;
			buildConfigurationList = D39E4BBF1FE97A2200DF3926 /* Build configuration list for PBXNativeTarget "LidarMCplusplus" */;
			buildPhases = (
				D39E4BB41FE97A2200DF3926 /* Sources */,
				D39E4BB51FE97A2200DF3926 /* Frameworks */,
				D39E4BB61FE97A2200DF3926 /* CopyFiles */,
			);
			buildRules = (
			);
			dependencies = (
			);
			name = LidarMCplusplus;
			productName = LidarMCplusplus;
			productReference = D341AF6A201231D2006C1605 /* LidarMCplusplus */;
			productType = "com.apple.product-type.tool";
		};
/* End PBXNativeTarget section */

/* Begin PBXProject section */
		D39E4BB01FE97A2200DF3926 /* Project object */ = {
			isa = PBXProject;
			attributes = {
				LastUpgradeCheck = 0920;
				ORGANIZATIONNAME = "Brian Collister";
				TargetAttributes = {
					D39E4BB71FE97A2200DF3926 = {
						CreatedOnToolsVersion = 9.2;
						ProvisioningStyle = Automatic;
					};
				};
			};
			buildConfigurationList = D39E4BB31FE97A2200DF3926 /* Build configuration list for PBXProject "LidarMCplusplus" */;
			compatibilityVersion = "Xcode 8.0";
			developmentRegion = en;
			hasScannedForEncodings = 0;
			knownRegions = (
				en,
			);
			mainGroup = D39E4BAF1FE97A2200DF3926;
			productRefGroup = D39E4BAF1FE97A2200DF3926;
			projectDirPath = "";
			projectRoot = "";
			targets = (
				D39E4BB71FE97A2200DF3926 /* LidarMCplusplus */,
			);
		};
/* End PBXProject section */

/* Begin PBXSourcesBuildPhase section */
		D39E4BB41FE97A2200DF3926 /* Sources */ = {
			isa = PBXSourcesBuildPhase;
			buildActionMask = 2147483647;
			files = (
				D39E4BC51FE97ACA00DF3926 /* LidarMC++.cpp in Sources */,
				D349F0E3201103E6005DAA4E /* bhmie.cpp in Sources */,
			);
			runOnlyForDeploymentPostprocessing = 0;
		};
/* End PBXSourcesBuildPhase section */

/* Begin XCBuildConfiguration section */
		D39E4BBD1FE97A2200DF3926 /* Debug */ = {
			isa = XCBuildConfiguration;
			buildSettings = {
				ALWAYS_SEARCH_USER_PATHS = NO;
				CLANG_ANALYZER_NONNULL = YES;
				CLANG_ANALYZER_NUMBER_OBJECT_CONVERSION = YES_AGGRESSIVE;
				CLANG_CXX_LANGUAGE_STANDARD = "gnu++14";
				CLANG_CXX_LIBRARY = "libc++";
				CLANG_ENABLE_MODULES = YES;
				CLANG_ENABLE_OBJC_ARC = YES;
				CLANG_WARN_BLOCK_CAPTURE_AUTORELEASING = YES;
				CLANG_WARN_BOOL_CONVERSION = YES;
				CLANG_WARN_COMMA = YES;
				CLANG_WARN_CONSTANT_CONVERSION = YES;
				CLANG_WARN_DIRECT_OBJC_ISA_USAGE = YES_ERROR;
				CLANG_WARN_DOCUMENTATION_COMMENTS = YES;
				CLANG_WARN_EMPTY_BODY = YES;
				CLANG_WARN_ENUM_CONVERSION = YES;
				CLANG_WARN_INFINITE_RECURSION = YES;
				CLANG_WARN_INT_CONVERSION = YES;
				CLANG_WARN_NON_LITERAL_NULL_CONVERSION = YES;
				CLANG_WARN_OBJC_LITERAL_CONVERSION = YES;
				CLANG_WARN_OBJC_ROOT_CLASS = YES_ERROR;
				CLANG_WARN_RANGE_LOOP_ANALYSIS = YES;
				CLANG_WARN_STRICT_PROTOTYPES = YES;
				CLANG_WARN_SUSPICIOUS_MOVE = YES;
				CLANG_WARN_UNGUARDED_AVAILABILITY = YES_AGGRESSIVE;
				CLANG_WARN_UNREACHABLE_CODE = YES;
				CLANG_WARN__DUPLICATE_METHOD_MATCH = YES;
				CODE_SIGN_IDENTITY = "-";
				COPY_PHASE_STRIP = NO;
				DEBUG_INFORMATION_FORMAT = dwarf;
				ENABLE_STRICT_OBJC_MSGSEND = YES;
				ENABLE_TESTABILITY = YES;
				GCC_C_LANGUAGE_STANDARD = gnu11;
				GCC_DYNAMIC_NO_PIC = NO;
				GCC_NO_COMMON_BLOCKS = YES;
				GCC_OPTIMIZATION_LEVEL = 0;
				GCC_PREPROCESSOR_DEFINITIONS = (
					"DEBUG=1",
					"$(inherited)",
				);
				GCC_WARN_64_TO_32_BIT_CONVERSION = YES;
				GCC_WARN_ABOUT_RETURN_TYPE = YES_ERROR;
				GCC_WARN_UNDECLARED_SELECTOR = YES;
				GCC_WARN_UNINITIALIZED_AUTOS = YES_AGGRESSIVE;
				GCC_WARN_UNUSED_FUNCTION = YES;
				GCC_WARN_UNUSED_VARIABLE = YES;
				MACOSX_DEPLOYMENT_TARGET = 10.13;
				MTL_ENABLE_DEBUG_INFO = YES;
				ONLY_ACTIVE_ARCH = YES;
				SDKROOT = macosx;
			};
			name = Debug;
		};
		D39E4BBE1FE97A2200DF3926 /* Release */ = {
			isa = XCBuildConfiguration;
			buildSettings = {
				ALWAYS_SEARCH_USER_PATHS = NO;
				CLANG_ANALYZER_NONNULL = YES;
				CLANG_ANALYZER_NUMBER_OBJECT_CONVERSION = YES_AGGRESSIVE;
				CLANG_CXX_LANGUAGE_STANDARD = "gnu++14";
				CLANG_CXX_LIBRARY = "libc++";
				CLANG_ENABLE_MODULES = YES;
				CLANG_ENABLE_OBJC_ARC = YES;
				CLANG_WARN_BLOCK_CAPTURE_AUTORELEASING = YES;
				CLANG_WARN_BOOL_CONVERSION = YES;
				CLANG_WARN_COMMA = YES;
				CLANG_WARN_CONSTANT_CONVERSION = YES;
				CLANG_WARN_DIRECT_OBJC_ISA_USAGE = YES_ERROR;
				CLANG_WARN_DOCUMENTATION_COMMENTS = YES;
				CLANG_WARN_EMPTY_BODY = YES;
				CLANG_WARN_ENUM_CONVERSION = YES;
				CLANG_WARN_INFINITE_RECURSION = YES;
				CLANG_WARN_INT_CONVERSION = YES;
				CLANG_WARN_NON_LITERAL_NULL_CONVERSION = YES;
				CLANG_WARN_OBJC_LITERAL_CONVERSION = YES;
				CLANG_WARN_OBJC_ROOT_CLASS = YES_ERROR;
				CLANG_WARN_RANGE_LOOP_ANALYSIS = YES;
				CLANG_WARN_STRICT_PROTOTYPES = YES;
				CLANG_WARN_SUSPICIOUS_MOVE = YES;
				CLANG_WARN_UNGUARDED_AVAILABILITY = YES_AGGRESSIVE;
				CLANG_WARN_UNREACHABLE_CODE = YES;
				CLANG_WARN__DUPLICATE_METHOD_MATCH = YES;
				CODE_SIGN_IDENTITY = "-";
				COPY_PHASE_STRIP = NO;
				DEBUG_INFORMATION_FORMAT = "dwarf-with-dsym";
				ENABLE_NS_ASSERTIONS = NO;
				ENABLE_STRICT_OBJC_MSGSEND = YES;
				GCC_C_LANGUAGE_STANDARD = gnu11;
				GCC_NO_COMMON_BLOCKS = YES;
				GCC_WARN_64_TO_32_BIT_CONVERSION = YES;
				GCC_WARN_ABOUT_RETURN_TYPE = YES_ERROR;
				GCC_WARN_UNDECLARED_SELECTOR = YES;
				GCC_WARN_UNINITIALIZED_AUTOS = YES_AGGRESSIVE;
				GCC_WARN_UNUSED_FUNCTION = YES;
				GCC_WARN_UNUSED_VARIABLE = YES;
				MACOSX_DEPLOYMENT_TARGET = 10.13;
				MTL_ENABLE_DEBUG_INFO = NO;
				"OTHER_CPLUSPLUSFLAGS[arch=*]" = (
					"$(OTHER_CFLAGS)",
					"-O2",
					"-fopenmp=omp",
				);
				SDKROOT = macosx;
			};
			name = Release;
		};
		D39E4BC01FE97A2200DF3926 /* Debug */ = {
			isa = XCBuildConfiguration;
			buildSettings = {
				ALWAYS_SEARCH_USER_PATHS = NO;
				CODE_SIGN_STYLE = Automatic;
				HEADER_SEARCH_PATHS = /usr/local/include;
				LIBRARY_SEARCH_PATHS = /usr/local/lib;
				PRODUCT_NAME = "$(TARGET_NAME)";
			};
			name = Debug;
		};
		D39E4BC11FE97A2200DF3926 /* Release */ = {
			isa = XCBuildConfiguration;
			buildSettings = {
				ALWAYS_SEARCH_USER_PATHS = NO;
				CODE_SIGN_STYLE = Automatic;
				HEADER_SEARCH_PATHS = /usr/local/include;
				LIBRARY_SEARCH_PATHS = /usr/local/lib;
				PRODUCT_NAME = "$(TARGET_NAME)";
			};
			name = Release;
		};
/* End XCBuildConfiguration section */

/* Begin XCConfigurationList section */
		D39E4BB31FE97A2200DF3926 /* Build configuration list for PBXProject "LidarMCplusplus" */ = {
			isa = XCConfigurationList;
			buildConfigurations = (
				D39E4BBD1FE97A2200DF3926 /* Debug */,
				D39E4BBE1FE97A2200DF3926 /* Release */,
			);
			defaultConfigurationIsVisible = 0;
			defaultConfigurationName = Release;
		};
		D39E4BBF1FE97A2200DF3926 /* Build configuration list for PBXNativeTarget "LidarMCplusplus" */ = {
			isa = XCConfigurationList;
			buildConfigurations = (
				D39E4BC01FE97A2200DF3926 /* Debug */,
				D39E4BC11FE97A2200DF3926 /* Release */,
			);
			defaultConfigurationIsVisible = 0;
			defaultConfigurationName = Release;
		};
/* End XCConfigurationList section */
	};
	rootObject = D39E4BB01FE97A2200DF3926 /* Project object */;
}
